
Microsoft Visual Studio Solution File, Format Version 12.00
# Visual Studio 15
VisualStudioVersion = 15.0.28010.2050
MinimumVisualStudioVersion = 10.0.40219.1
Project("{FAE04EC0-301F-11D3-BF4B-00C04F79EFBC}") = "wget", "wget\wget.csproj", "{3357F263-7331-4807-9521-74F8E2635C9D}"
EndProject
Global
	GlobalSection(SolutionConfigurationPlatforms) = preSolution
		Debug|Any CPU = Debug|Any CPU
		Release|Any CPU = Release|Any CPU
	EndGlobalSection
	GlobalSection(ProjectConfigurationPlatforms) = postSolution
		{3357F263-7331-4807-9521-74F8E2635C9D}.Debug|Any CPU.ActiveCfg = Debug|Any CPU
		{3357F263-7331-4807-9521-74F8E2635C9D}.Debug|Any CPU.Build.0 = Debug|Any CPU
		{3357F263-7331-4807-9521-74F8E2635C9D}.Release|Any CPU.ActiveCfg = Release|Any CPU
		{3357F263-7331-4807-9521-74F8E2635C9D}.Release|Any CPU.Build.0 = Release|Any CPU
	EndGlobalSection
	GlobalSection(SolutionProperties) = preSolution
		HideSolutionNode = FALSE
	EndGlobalSection
	GlobalSection(ExtensibilityGlobals) = postSolution
		SolutionGuid = {81A0DFA5-320F-4D68-A27D-B3FD0EEE062F}
	EndGlobalSection
EndGlobal
